<?xml version="1.0" encoding="utf-8"?>
<Project ToolsVersion="4.0" xmlns="http://schemas.microsoft.com/developer/msbuild/2003">
  <ItemGroup>
    <ClCompile Include="msp430_kibsl.c" />
    <ClCompile Include="utils.c" />
    <ClCompile Include="elf.c" />
    <ClCompile Include="bsl.c" />
    <ClCompile Include="com\serial.c">
      <Filter>com</Filter>
    </ClCompile>
    <ClCompile Include="com\generic.c">
      <Filter>com</Filter>
    </ClCompile>
    <ClCompile Include="com\ftdi.c">
      <Filter>com</Filter>
    </ClCompile>
  </ItemGroup>
  <ItemGroup>
    <ClInclude Include="utils.h" />
    <ClInclude Include="bsl.h" />
    <ClInclude Include="elf.h" />
    <ClInclude Include="com\generic.h">
      <Filter>com</Filter>
    </ClInclude>
  </ItemGroup>
  <ItemGroup>
    <Filter Include="com">
      <UniqueIdentifier>{a81d386d-886e-48a0-805d-9987449e45e6}</UniqueIdentifier>
    </Filter>
    <Filter Include="pics">
      <UniqueIdentifier>{6ccbdad0-d6c3-4d64-ad55-82605fb15b42}</UniqueIdentifier>
    </Filter>
  </ItemGroup>
  <ItemGroup>
    <None Include="README.md" />
  </ItemGroup>
  <ItemGroup>
    <Image Include="pics\msp430_bsl_invocation.png">
      <Filter>pics</Filter>
    </Image>
    <Image Include="pics\UMFT230XB-01.png">
      <Filter>pics</Filter>
    </Image>
    <Image Include="pics\UMFT234XD-01.png">
      <Filter>pics</Filter>
    </Image>
  </ItemGroup>
</Project>